
Microsoft Visual Studio Solution File, Format Version 12.00
# Visual Studio Version 17
VisualStudioVersion = 17.10.34916.146
MinimumVisualStudioVersion = 10.0.40219.1
Project("{8BC9CEB8-8B4A-11D0-8D11-00A0C91BC942}") = "Client", "Client\Client.vcxproj", "{A69A662D-8C91-4CD3-849C-3EC13AC40882}"
EndProject
Project("{8BC9CEB8-8B4A-11D0-8D11-00A0C91BC942}") = "Pointscape", "Pointscape\Pointscape.vcxproj", "{CB29D4F0-D659-4CB0-B133-345685450A95}"
EndProject
Global
	GlobalSection(SolutionConfigurationPlatforms) = preSolution
		Debug|x64 = Debug|x64
		Release|x64 = Release|x64
	EndGlobalSection
	GlobalSection(ProjectConfigurationPlatforms) = postSolution
		{CB29D4F0-D659-4CB0-B133-345685450A95}.Debug|x64.ActiveCfg = Debug|x64
		{CB29D4F0-D659-4CB0-B133-345685450A95}.Debug|x64.Build.0 = Debug|x64
		{CB29D4F0-D659-4CB0-B133-345685450A95}.Release|x64.ActiveCfg = Release|x64
		{CB29D4F0-D659-4CB0-B133-345685450A95}.Release|x64.Build.0 = Release|x64
		{A69A662D-8C91-4CD3-849C-3EC13AC40882}.Debug|x64.ActiveCfg = Debug|x64
		{A69A662D-8C91-4CD3-849C-3EC13AC40882}.Debug|x64.Build.0 = Debug|x64
		{A69A662D-8C91-4CD3-849C-3EC13AC40882}.Release|x64.ActiveCfg = Release|x64
		{A69A662D-8C91-4CD3-849C-3EC13AC40882}.Release|x64.Build.0 = Release|x64
	EndGlobalSection
	GlobalSection(SolutionProperties) = preSolution
		HideSolutionNode = FALSE
	EndGlobalSection
	GlobalSection(ExtensibilityGlobals) = postSolution
		SolutionGuid = {DE9D055A-0790-4D08-8C4C-6462071A9552}
	EndGlobalSection
EndGlobal
